
Microsoft Visual Studio Solution File, Format Version 12.00
# Visual Studio Version 16
VisualStudioVersion = 16.0.29519.181
MinimumVisualStudioVersion = 10.0.40219.1
Project("{9A19103F-16F7-4668-BE54-9A1E7A4F7556}") = "AccApp", "AccApp.csproj", "{A44936CF-F6BF-4F06-8E1A-3D0EEE995EF3}"
EndProject
Global
	GlobalSection(SolutionConfigurationPlatforms) = preSolution
		Debug|Any CPU = Debug|Any CPU
		Release|Any CPU = Release|Any CPU
	EndGlobalSection
	GlobalSection(ProjectConfigurationPlatforms) = postSolution
		{A44936CF-F6BF-4F06-8E1A-3D0EEE995EF3}.Debug|Any CPU.ActiveCfg = Debug|Any CPU
		{A44936CF-F6BF-4F06-8E1A-3D0EEE995EF3}.Debug|Any CPU.Build.0 = Debug|Any CPU
		{A44936CF-F6BF-4F06-8E1A-3D0EEE995EF3}.Release|Any CPU.ActiveCfg = Release|Any CPU
		{A44936CF-F6BF-4F06-8E1A-3D0EEE995EF3}.Release|Any CPU.Build.0 = Release|Any CPU
	EndGlobalSection
	GlobalSection(SolutionProperties) = preSolution
		HideSolutionNode = FALSE
	EndGlobalSection
	GlobalSection(ExtensibilityGlobals) = postSolution
		SolutionGuid = {56E32F9B-AC7C-487E-B5D9-691876A08FBF}
	EndGlobalSection
EndGlobal
